// !$*UTF8*$!
{
	archiveVersion = 1;
	classes = {
	};
	objectVersion = 50;
	objects = {

/* Begin PBXBuildFile section */
		AB743E2A225DFAD100DC7426 /* main.m in Sources */ = {isa = PBXBuildFile; fileRef = AB743E29225DFAD100DC7426 /* main.m */; };
		AB743E32225DFADF00DC7426 /* s2j.c in Sources */ = {isa = PBXBuildFile; fileRef = AB743E30225DFADF00DC7426 /* s2j.c */; };
		AB743E33225DFADF00DC7426 /* cJSON.c in Sources */ = {isa = PBXBuildFile; fileRef = AB743E31225DFADF00DC7426 /* cJSON.c */; };
/* End PBXBuildFile section */

/* Begin PBXCopyFilesBuildPhase section */
		AB743E24225DFAD100DC7426 /* CopyFiles */ = {
			isa = PBXCopyFilesBuildPhase;
			buildActionMask = 2147483647;
			dstPath = /usr/share/man/man1/;
			dstSubfolderSpec = 0;
			files = (
			);
			runOnlyForDeploymentPostprocessing = 1;
		};
/* End PBXCopyFilesBuildPhase section */

/* Begin PBXFileReference section */
		AB743E26225DFAD100DC7426 /* struct2jsonTest */ = {isa = PBXFileReference; explicitFileType = "compiled.mach-o.executable"; includeInIndex = 0; path = struct2jsonTest; sourceTree = BUILT_PRODUCTS_DIR; };
		AB743E29225DFAD100DC7426 /* main.m */ = {isa = PBXFileReference; lastKnownFileType = sourcecode.c.objc; path = main.m; sourceTree = "<group>"; };
		AB743E30225DFADF00DC7426 /* s2j.c */ = {isa = PBXFileReference; fileEncoding = 4; lastKnownFileType = sourcecode.c.c; path = s2j.c; sourceTree = "<group>"; };
		AB743E31225DFADF00DC7426 /* cJSON.c */ = {isa = PBXFileReference; fileEncoding = 4; lastKnownFileType = sourcecode.c.c; path = cJSON.c; sourceTree = "<group>"; };
		AB743E34225DFAE700DC7426 /* s2jdef.h */ = {isa = PBXFileReference; lastKnownFileType = sourcecode.c.h; path = s2jdef.h; sourceTree = "<group>"; };
		AB743E35225DFAE700DC7426 /* s2j.h */ = {isa = PBXFileReference; lastKnownFileType = sourcecode.c.h; path = s2j.h; sourceTree = "<group>"; };
		AB743E36225DFAE700DC7426 /* cJSON.h */ = {isa = PBXFileReference; lastKnownFileType = sourcecode.c.h; path = cJSON.h; sourceTree = "<group>"; };
/* End PBXFileReference section */

/* Begin PBXFrameworksBuildPhase section */
		AB743E23225DFAD100DC7426 /* Frameworks */ = {
			isa = PBXFrameworksBuildPhase;
			buildActionMask = 2147483647;
			files = (
			);
			runOnlyForDeploymentPostprocessing = 0;
		};
/* End PBXFrameworksBuildPhase section */

/* Begin PBXGroup section */
		AB743E1D225DFAD100DC7426 = {
			isa = PBXGroup;
			children = (
				AB743E28225DFAD100DC7426 /* struct2jsonTest */,
				AB743E27225DFAD100DC7426 /* Products */,
			);
			sourceTree = "<group>";
		};
		AB743E27225DFAD100DC7426 /* Products */ = {
			isa = PBXGroup;
			children = (
				AB743E26225DFAD100DC7426 /* struct2jsonTest */,
			);
			name = Products;
			sourceTree = "<group>";
		};
		AB743E28225DFAD100DC7426 /* struct2jsonTest */ = {
			isa = PBXGroup;
			children = (
				AB743E36225DFAE700DC7426 /* cJSON.h */,
				AB743E31225DFADF00DC7426 /* cJSON.c */,
				AB743E35225DFAE700DC7426 /* s2j.h */,
				AB743E30225DFADF00DC7426 /* s2j.c */,
				AB743E34225DFAE700DC7426 /* s2jdef.h */,
				AB743E29225DFAD100DC7426 /* main.m */,
			);
			path = struct2jsonTest;
			sourceTree = "<group>";
		};
/* End PBXGroup section */

/* Begin PBXNativeTarget section */
		AB743E25225DFAD100DC7426 /* struct2jsonTest */ = {
			isa = PBXNativeTarget;
			buildConfigurationList = AB743E2D225DFAD100DC7426 /* Build configuration list for PBXNativeTarget "struct2jsonTest" */;
			buildPhases = (
				AB743E22225DFAD100DC7426 /* Sources */,
				AB743E23225DFAD100DC7426 /* Frameworks */,
				AB743E24225DFAD100DC7426 /* CopyFiles */,
			);
			buildRules = (
			);
			dependencies = (
			);
			name = struct2jsonTest;
			productName = struct2jsonTest;
			productReference = AB743E26225DFAD100DC7426 /* struct2jsonTest */;
			productType = "com.apple.product-type.tool";
		};
/* End PBXNativeTarget section */

/* Begin PBXProject section */
		AB743E1E225DFAD100DC7426 /* Project object */ = {
			isa = PBXProject;
			attributes = {
				LastUpgradeCheck = 1020;
				ORGANIZATIONNAME = hancc;
				TargetAttributes = {
					AB743E25225DFAD100DC7426 = {
						CreatedOnToolsVersion = 10.2;
					};
				};
			};
			buildConfigurationList = AB743E21225DFAD100DC7426 /* Build configuration list for PBXProject "struct2jsonTest" */;
			compatibilityVersion = "Xcode 9.3";
			developmentRegion = en;
			hasScannedForEncodings = 0;
			knownRegions = (
				en,
			);
			mainGroup = AB743E1D225DFAD100DC7426;
			productRefGroup = AB743E27225DFAD100DC7426 /* Products */;
			projectDirPath = "";
			projectRoot = "";
			targets = (
				AB743E25225DFAD100DC7426 /* struct2jsonTest */,
			);
		};
/* End PBXProject section */

/* Begin PBXSourcesBuildPhase section */
		AB743E22225DFAD100DC7426 /* Sources */ = {
			isa = PBXSourcesBuildPhase;
			buildActionMask = 2147483647;
			files = (
				AB743E33225DFADF00DC7426 /* cJSON.c in Sources */,
				AB743E2A225DFAD100DC7426 /* main.m in Sources */,
				AB743E32225DFADF00DC7426 /* s2j.c in Sources */,
			);
			runOnlyForDeploymentPostprocessing = 0;
		};
/* End PBXSourcesBuildPhase section */

/* Begin XCBuildConfiguration section */
		AB743E2B225DFAD100DC7426 /* Debug */ = {
			isa = XCBuildConfiguration;
			buildSettings = {
				ALWAYS_SEARCH_USER_PATHS = NO;
				CLANG_ANALYZER_NONNULL = YES;
				CLANG_ANALYZER_NUMBER_OBJECT_CONVERSION = YES_AGGRESSIVE;
				CLANG_CXX_LANGUAGE_STANDARD = "gnu++14";
				CLANG_CXX_LIBRARY = "libc++";
				CLANG_ENABLE_MODULES = YES;
				CLANG_ENABLE_OBJC_ARC = YES;
				CLANG_ENABLE_OBJC_WEAK = YES;
				CLANG_WARN_BLOCK_CAPTURE_AUTORELEASING = YES;
				CLANG_WARN_BOOL_CONVERSION = YES;
				CLANG_WARN_COMMA = YES;
				CLANG_WARN_CONSTANT_CONVERSION = YES;
				CLANG_WARN_DEPRECATED_OBJC_IMPLEMENTATIONS = YES;
				CLANG_WARN_DIRECT_OBJC_ISA_USAGE = YES_ERROR;
				CLANG_WARN_DOCUMENTATION_COMMENTS = YES;
				CLANG_WARN_EMPTY_BODY = YES;
				CLANG_WARN_ENUM_CONVERSION = YES;
				CLANG_WARN_INFINITE_RECURSION = YES;
				CLANG_WARN_INT_CONVERSION = YES;
				CLANG_WARN_NON_LITERAL_NULL_CONVERSION = YES;
				CLANG_WARN_OBJC_IMPLICIT_RETAIN_SELF = YES;
				CLANG_WARN_OBJC_LITERAL_CONVERSION = YES;
				CLANG_WARN_OBJC_ROOT_CLASS = YES_ERROR;
				CLANG_WARN_RANGE_LOOP_ANALYSIS = YES;
				CLANG_WARN_STRICT_PROTOTYPES = YES;
				CLANG_WARN_SUSPICIOUS_MOVE = YES;
				CLANG_WARN_UNGUARDED_AVAILABILITY = YES_AGGRESSIVE;
				CLANG_WARN_UNREACHABLE_CODE = YES;
				CLANG_WARN__DUPLICATE_METHOD_MATCH = YES;
				CODE_SIGN_IDENTITY = "Mac Developer";
				COPY_PHASE_STRIP = NO;
				DEBUG_INFORMATION_FORMAT = dwarf;
				ENABLE_STRICT_OBJC_MSGSEND = YES;
				ENABLE_TESTABILITY = YES;
				GCC_C_LANGUAGE_STANDARD = gnu11;
				GCC_DYNAMIC_NO_PIC = NO;
				GCC_NO_COMMON_BLOCKS = YES;
				GCC_OPTIMIZATION_LEVEL = 0;
				GCC_PREPROCESSOR_DEFINITIONS = (
					"DEBUG=1",
					"$(inherited)",
				);
				GCC_WARN_64_TO_32_BIT_CONVERSION = YES;
				GCC_WARN_ABOUT_RETURN_TYPE = YES_ERROR;
				GCC_WARN_UNDECLARED_SELECTOR = YES;
				GCC_WARN_UNINITIALIZED_AUTOS = YES_AGGRESSIVE;
				GCC_WARN_UNUSED_FUNCTION = YES;
				GCC_WARN_UNUSED_VARIABLE = YES;
				MACOSX_DEPLOYMENT_TARGET = 10.14;
				MTL_ENABLE_DEBUG_INFO = INCLUDE_SOURCE;
				MTL_FAST_MATH = YES;
				ONLY_ACTIVE_ARCH = YES;
				SDKROOT = macosx;
			};
			name = Debug;
		};
		AB743E2C225DFAD100DC7426 /* Release */ = {
			isa = XCBuildConfiguration;
			buildSettings = {
				ALWAYS_SEARCH_USER_PATHS = NO;
				CLANG_ANALYZER_NONNULL = YES;
				CLANG_ANALYZER_NUMBER_OBJECT_CONVERSION = YES_AGGRESSIVE;
				CLANG_CXX_LANGUAGE_STANDARD = "gnu++14";
				CLANG_CXX_LIBRARY = "libc++";
				CLANG_ENABLE_MODULES = YES;
				CLANG_ENABLE_OBJC_ARC = YES;
				CLANG_ENABLE_OBJC_WEAK = YES;
				CLANG_WARN_BLOCK_CAPTURE_AUTORELEASING = YES;
				CLANG_WARN_BOOL_CONVERSION = YES;
				CLANG_WARN_COMMA = YES;
				CLANG_WARN_CONSTANT_CONVERSION = YES;
				CLANG_WARN_DEPRECATED_OBJC_IMPLEMENTATIONS = YES;
				CLANG_WARN_DIRECT_OBJC_ISA_USAGE = YES_ERROR;
				CLANG_WARN_DOCUMENTATION_COMMENTS = YES;
				CLANG_WARN_EMPTY_BODY = YES;
				CLANG_WARN_ENUM_CONVERSION = YES;
				CLANG_WARN_INFINITE_RECURSION = YES;
				CLANG_WARN_INT_CONVERSION = YES;
				CLANG_WARN_NON_LITERAL_NULL_CONVERSION = YES;
				CLANG_WARN_OBJC_IMPLICIT_RETAIN_SELF = YES;
				CLANG_WARN_OBJC_LITERAL_CONVERSION = YES;
				CLANG_WARN_OBJC_ROOT_CLASS = YES_ERROR;
				CLANG_WARN_RANGE_LOOP_ANALYSIS = YES;
				CLANG_WARN_STRICT_PROTOTYPES = YES;
				CLANG_WARN_SUSPICIOUS_MOVE = YES;
				CLANG_WARN_UNGUARDED_AVAILABILITY = YES_AGGRESSIVE;
				CLANG_WARN_UNREACHABLE_CODE = YES;
				CLANG_WARN__DUPLICATE_METHOD_MATCH = YES;
				CODE_SIGN_IDENTITY = "Mac Developer";
				COPY_PHASE_STRIP = NO;
				DEBUG_INFORMATION_FORMAT = "dwarf-with-dsym";
				ENABLE_NS_ASSERTIONS = NO;
				ENABLE_STRICT_OBJC_MSGSEND = YES;
				GCC_C_LANGUAGE_STANDARD = gnu11;
				GCC_NO_COMMON_BLOCKS = YES;
				GCC_WARN_64_TO_32_BIT_CONVERSION = YES;
				GCC_WARN_ABOUT_RETURN_TYPE = YES_ERROR;
				GCC_WARN_UNDECLARED_SELECTOR = YES;
				GCC_WARN_UNINITIALIZED_AUTOS = YES_AGGRESSIVE;
				GCC_WARN_UNUSED_FUNCTION = YES;
				GCC_WARN_UNUSED_VARIABLE = YES;
				MACOSX_DEPLOYMENT_TARGET = 10.14;
				MTL_ENABLE_DEBUG_INFO = NO;
				MTL_FAST_MATH = YES;
				SDKROOT = macosx;
			};
			name = Release;
		};
		AB743E2E225DFAD100DC7426 /* Debug */ = {
			isa = XCBuildConfiguration;
			buildSettings = {
				CODE_SIGN_STYLE = Automatic;
				DEVELOPMENT_TEAM = WU2WFZ2B66;
				PRODUCT_NAME = "$(TARGET_NAME)";
			};
			name = Debug;
		};
		AB743E2F225DFAD100DC7426 /* Release */ = {
			isa = XCBuildConfiguration;
			buildSettings = {
				CODE_SIGN_STYLE = Automatic;
				DEVELOPMENT_TEAM = WU2WFZ2B66;
				PRODUCT_NAME = "$(TARGET_NAME)";
			};
			name = Release;
		};
/* End XCBuildConfiguration section */

/* Begin XCConfigurationList section */
		AB743E21225DFAD100DC7426 /* Build configuration list for PBXProject "struct2jsonTest" */ = {
			isa = XCConfigurationList;
			buildConfigurations = (
				AB743E2B225DFAD100DC7426 /* Debug */,
				AB743E2C225DFAD100DC7426 /* Release */,
			);
			defaultConfigurationIsVisible = 0;
			defaultConfigurationName = Release;
		};
		AB743E2D225DFAD100DC7426 /* Build configuration list for PBXNativeTarget "struct2jsonTest" */ = {
			isa = XCConfigurationList;
			buildConfigurations = (
				AB743E2E225DFAD100DC7426 /* Debug */,
				AB743E2F225DFAD100DC7426 /* Release */,
			);
			defaultConfigurationIsVisible = 0;
			defaultConfigurationName = Release;
		};
/* End XCConfigurationList section */
	};
	rootObject = AB743E1E225DFAD100DC7426 /* Project object */;
}
